
Microsoft Visual Studio Solution File, Format Version 12.00
# Visual Studio 14
VisualStudioVersion = 14.0.24720.0
MinimumVisualStudioVersion = 10.0.40219.1
Project("{FAE04EC0-301F-11D3-BF4B-00C04F79EFBC}") = "FCP.FluentData.UnitTest", "FluentData.UnitTest\FCP.FluentData.UnitTest.csproj", "{7314DA3B-B8B3-4E4D-859A-9421C1ED07D0}"
EndProject
Project("{FAE04EC0-301F-11D3-BF4B-00C04F79EFBC}") = "FCP.FluentData", "FluentData\FCP.FluentData.csproj", "{B5AE821B-7728-49B3-9119-3BBC4C8E58E9}"
EndProject
Global
	GlobalSection(SolutionConfigurationPlatforms) = preSolution
		Debug|Any CPU = Debug|Any CPU
		Debug|x64 = Debug|x64
		Release|Any CPU = Release|Any CPU
		Release|x64 = Release|x64
		Test|Any CPU = Test|Any CPU
		Test|x64 = Test|x64
	EndGlobalSection
	GlobalSection(ProjectConfigurationPlatforms) = postSolution
		{7314DA3B-B8B3-4E4D-859A-9421C1ED07D0}.Debug|Any CPU.ActiveCfg = Debug|Any CPU
		{7314DA3B-B8B3-4E4D-859A-9421C1ED07D0}.Debug|Any CPU.Build.0 = Debug|Any CPU
		{7314DA3B-B8B3-4E4D-859A-9421C1ED07D0}.Debug|x64.ActiveCfg = Debug|Any CPU
		{7314DA3B-B8B3-4E4D-859A-9421C1ED07D0}.Debug|x64.Build.0 = Debug|Any CPU
		{7314DA3B-B8B3-4E4D-859A-9421C1ED07D0}.Release|Any CPU.ActiveCfg = Release|Any CPU
		{7314DA3B-B8B3-4E4D-859A-9421C1ED07D0}.Release|Any CPU.Build.0 = Release|Any CPU
		{7314DA3B-B8B3-4E4D-859A-9421C1ED07D0}.Release|x64.ActiveCfg = Release|Any CPU
		{7314DA3B-B8B3-4E4D-859A-9421C1ED07D0}.Release|x64.Build.0 = Release|Any CPU
		{7314DA3B-B8B3-4E4D-859A-9421C1ED07D0}.Test|Any CPU.ActiveCfg = Release|Any CPU
		{7314DA3B-B8B3-4E4D-859A-9421C1ED07D0}.Test|Any CPU.Build.0 = Release|Any CPU
		{7314DA3B-B8B3-4E4D-859A-9421C1ED07D0}.Test|x64.ActiveCfg = Release|Any CPU
		{7314DA3B-B8B3-4E4D-859A-9421C1ED07D0}.Test|x64.Build.0 = Release|Any CPU
		{B5AE821B-7728-49B3-9119-3BBC4C8E58E9}.Debug|Any CPU.ActiveCfg = Debug|Any CPU
		{B5AE821B-7728-49B3-9119-3BBC4C8E58E9}.Debug|Any CPU.Build.0 = Debug|Any CPU
		{B5AE821B-7728-49B3-9119-3BBC4C8E58E9}.Debug|x64.ActiveCfg = Debug|x64
		{B5AE821B-7728-49B3-9119-3BBC4C8E58E9}.Debug|x64.Build.0 = Debug|x64
		{B5AE821B-7728-49B3-9119-3BBC4C8E58E9}.Release|Any CPU.ActiveCfg = Release|Any CPU
		{B5AE821B-7728-49B3-9119-3BBC4C8E58E9}.Release|Any CPU.Build.0 = Release|Any CPU
		{B5AE821B-7728-49B3-9119-3BBC4C8E58E9}.Release|x64.ActiveCfg = Release|x64
		{B5AE821B-7728-49B3-9119-3BBC4C8E58E9}.Release|x64.Build.0 = Release|x64
		{B5AE821B-7728-49B3-9119-3BBC4C8E58E9}.Test|Any CPU.ActiveCfg = Test|Any CPU
		{B5AE821B-7728-49B3-9119-3BBC4C8E58E9}.Test|Any CPU.Build.0 = Test|Any CPU
		{B5AE821B-7728-49B3-9119-3BBC4C8E58E9}.Test|x64.ActiveCfg = Test|x64
		{B5AE821B-7728-49B3-9119-3BBC4C8E58E9}.Test|x64.Build.0 = Test|x64
	EndGlobalSection
	GlobalSection(SolutionProperties) = preSolution
		HideSolutionNode = FALSE
	EndGlobalSection
EndGlobal
